
Microsoft Visual Studio Solution File, Format Version 12.00
# Visual Studio Version 16
VisualStudioVersion = 16.0.31729.503
MinimumVisualStudioVersion = 10.0.40219.1
Project("{FAE04EC0-301F-11D3-BF4B-00C04F79EFBC}") = "UCP PAW 1", "UCP PAW 1\UCP PAW 1.csproj", "{CC3126D3-780C-4BF5-B0DA-E1CDB780FB2F}"
EndProject
Global
	GlobalSection(SolutionConfigurationPlatforms) = preSolution
		Debug|Any CPU = Debug|Any CPU
		Release|Any CPU = Release|Any CPU
	EndGlobalSection
	GlobalSection(ProjectConfigurationPlatforms) = postSolution
		{CC3126D3-780C-4BF5-B0DA-E1CDB780FB2F}.Debug|Any CPU.ActiveCfg = Debug|Any CPU
		{CC3126D3-780C-4BF5-B0DA-E1CDB780FB2F}.Debug|Any CPU.Build.0 = Debug|Any CPU
		{CC3126D3-780C-4BF5-B0DA-E1CDB780FB2F}.Release|Any CPU.ActiveCfg = Release|Any CPU
		{CC3126D3-780C-4BF5-B0DA-E1CDB780FB2F}.Release|Any CPU.Build.0 = Release|Any CPU
	EndGlobalSection
	GlobalSection(SolutionProperties) = preSolution
		HideSolutionNode = FALSE
	EndGlobalSection
	GlobalSection(ExtensibilityGlobals) = postSolution
		SolutionGuid = {E4EF011A-1F09-4BAC-900D-4D7BFF47FDD3}
	EndGlobalSection
EndGlobal
